
Microsoft Visual Studio Solution File, Format Version 12.00
# Visual Studio Version 17
VisualStudioVersion = 17.8.34309.116
MinimumVisualStudioVersion = 10.0.40219.1
Project("{9A19103F-16F7-4668-BE54-9A1E7A4F7556}") = "BlazorFastFood", "BlazorFastFood\BlazorFastFood.csproj", "{7CEFA324-BD9D-4268-B94D-43C7D7731024}"
EndProject
Project("{9A19103F-16F7-4668-BE54-9A1E7A4F7556}") = "Food_Business", "Food_Business\Food_Business.csproj", "{713DD695-1AC4-4806-BF2C-E1277A004D68}"
EndProject
Project("{9A19103F-16F7-4668-BE54-9A1E7A4F7556}") = "Food_Common", "Food_Common\Food_Common.csproj", "{DAE8B1BE-BAAC-4ECA-A3B3-14DFEFF50DF0}"
EndProject
Project("{9A19103F-16F7-4668-BE54-9A1E7A4F7556}") = "Food_DataAccess", "Food_DataAccess\Food_DataAccess.csproj", "{1896469A-69FA-4771-B525-EAF9D99AEE7A}"
EndProject
Global
	GlobalSection(SolutionConfigurationPlatforms) = preSolution
		Debug|Any CPU = Debug|Any CPU
		Release|Any CPU = Release|Any CPU
	EndGlobalSection
	GlobalSection(ProjectConfigurationPlatforms) = postSolution
		{7CEFA324-BD9D-4268-B94D-43C7D7731024}.Debug|Any CPU.ActiveCfg = Debug|Any CPU
		{7CEFA324-BD9D-4268-B94D-43C7D7731024}.Debug|Any CPU.Build.0 = Debug|Any CPU
		{7CEFA324-BD9D-4268-B94D-43C7D7731024}.Release|Any CPU.ActiveCfg = Release|Any CPU
		{7CEFA324-BD9D-4268-B94D-43C7D7731024}.Release|Any CPU.Build.0 = Release|Any CPU
		{713DD695-1AC4-4806-BF2C-E1277A004D68}.Debug|Any CPU.ActiveCfg = Debug|Any CPU
		{713DD695-1AC4-4806-BF2C-E1277A004D68}.Debug|Any CPU.Build.0 = Debug|Any CPU
		{713DD695-1AC4-4806-BF2C-E1277A004D68}.Release|Any CPU.ActiveCfg = Release|Any CPU
		{713DD695-1AC4-4806-BF2C-E1277A004D68}.Release|Any CPU.Build.0 = Release|Any CPU
		{DAE8B1BE-BAAC-4ECA-A3B3-14DFEFF50DF0}.Debug|Any CPU.ActiveCfg = Debug|Any CPU
		{DAE8B1BE-BAAC-4ECA-A3B3-14DFEFF50DF0}.Debug|Any CPU.Build.0 = Debug|Any CPU
		{DAE8B1BE-BAAC-4ECA-A3B3-14DFEFF50DF0}.Release|Any CPU.ActiveCfg = Release|Any CPU
		{DAE8B1BE-BAAC-4ECA-A3B3-14DFEFF50DF0}.Release|Any CPU.Build.0 = Release|Any CPU
		{1896469A-69FA-4771-B525-EAF9D99AEE7A}.Debug|Any CPU.ActiveCfg = Debug|Any CPU
		{1896469A-69FA-4771-B525-EAF9D99AEE7A}.Debug|Any CPU.Build.0 = Debug|Any CPU
		{1896469A-69FA-4771-B525-EAF9D99AEE7A}.Release|Any CPU.ActiveCfg = Release|Any CPU
		{1896469A-69FA-4771-B525-EAF9D99AEE7A}.Release|Any CPU.Build.0 = Release|Any CPU
	EndGlobalSection
	GlobalSection(SolutionProperties) = preSolution
		HideSolutionNode = FALSE
	EndGlobalSection
	GlobalSection(ExtensibilityGlobals) = postSolution
		SolutionGuid = {A5412628-960F-4CEB-B48F-34F2C6BD1720}
	EndGlobalSection
EndGlobal
